<?xml version="1.0" encoding="utf-8"?>
<Project ToolsVersion="4.0" xmlns="http://schemas.microsoft.com/developer/msbuild/2003">
  <ItemGroup>
    <ClCompile Include="viewc.cpp" />
  </ItemGroup>
  <ItemGroup>
    <None Include="main_window.view" />
    <None Include="theme.view" />
    <None Include="dialog.view" />
    <None Include="menu.view" />
    <None Include="toolbar.view" />
    <None Include="editor_base.view" />
  </ItemGroup>
  <ItemGroup>
    <ClInclude Include="main_window.h" />
  </ItemGroup>
</Project>